<?xml version="1.0" encoding="utf-8"?>
<Project ToolsVersion="4.0" xmlns="http://schemas.microsoft.com/developer/msbuild/2003">
  <ItemGroup>
    <Filter Include="Main">
      <UniqueIdentifier>{4e9860fc-9ff0-4701-9ba8-18dd9c7fcad6}</UniqueIdentifier>
    </Filter>
    <Filter Include="Game">
      <UniqueIdentifier>{e0ea6e3b-5051-4289-a552-c1c44b87869c}</UniqueIdentifier>
    </Filter>
    <Filter Include="Character">
      <UniqueIdentifier>{3fe111db-6fb2-4a29-b692-af784566d884}</UniqueIdentifier>
    </Filter>
    <Filter Include="Cards">
      <UniqueIdentifier>{2080d3b2-957e-4967-8f5a-64d7f9a46bc1}</UniqueIdentifier>
    </Filter>
    <Filter Include="Character\Player">
      <UniqueIdentifier>{ea7f8d2e-95c2-47f2-81dd-349dc7db6181}</UniqueIdentifier>
    </Filter>
    <Filter Include="Character\Computer">
      <UniqueIdentifier>{d7dd117b-9ec2-4f8c-b964-b7ee42fef77f}</UniqueIdentifier>
    </Filter>
  </ItemGroup>
  <ItemGroup>
    <ClCompile Include="OnePokerConsole.cpp">
      <Filter>Main</Filter>
    </ClCompile>
    <ClCompile Include="GameManager.cpp">
      <Filter>Game</Filter>
    </ClCompile>
    <ClCompile Include="Character.cpp">
      <Filter>Character</Filter>
    </ClCompile>
    <ClCompile Include="Player.cpp">
      <Filter>Character\Player</Filter>
    </ClCompile>
    <ClCompile Include="Computer.cpp">
      <Filter>Character\Computer</Filter>
    </ClCompile>
  </ItemGroup>
  <ItemGroup>
    <ClInclude Include="GameManager.h">
      <Filter>Game</Filter>
    </ClInclude>
    <ClInclude Include="Character.h">
      <Filter>Character</Filter>
    </ClInclude>
    <ClInclude Include="Deck.h">
      <Filter>Cards</Filter>
    </ClInclude>
    <ClInclude Include="Card.h">
      <Filter>Cards</Filter>
    </ClInclude>
    <ClInclude Include="Player.h">
      <Filter>Character\Player</Filter>
    </ClInclude>
    <ClInclude Include="Computer.h">
      <Filter>Character\Computer</Filter>
    </ClInclude>
  </ItemGroup>
</Project>